
Microsoft Visual Studio Solution File, Format Version 12.00
# Visual Studio Version 17
VisualStudioVersion = 17.9.34728.123
MinimumVisualStudioVersion = 10.0.40219.1
Project("{2150E333-8FDC-42A3-9474-1A3956D46DE8}") = "Src", "Src", "{B18E88AD-FABC-4595-8F0E-F3D375EE52AF}"
EndProject
Project("{2150E333-8FDC-42A3-9474-1A3956D46DE8}") = "Criteria", "Criteria", "{92A3EBF3-0295-4E0D-8CAC-11964F016958}"
EndProject
Project("{2150E333-8FDC-42A3-9474-1A3956D46DE8}") = "Extensions.Test", "Extensions.Test", "{42D8CCC0-D623-42A8-A577-FAFE53B36B81}"
EndProject
Project("{2150E333-8FDC-42A3-9474-1A3956D46DE8}") = "Repository", "Repository", "{B204A66A-292C-4ECC-AD01-C6A422DBA345}"
EndProject
Project("{9A19103F-16F7-4668-BE54-9A1E7A4F7556}") = "Criteria.Test", "Criteria.Test\Criteria.Test.csproj", "{707ED758-E405-4BE9-8257-66023BD0C837}"
EndProject
Project("{2150E333-8FDC-42A3-9474-1A3956D46DE8}") = "Shared", "Shared", "{B3707AB3-D5E6-48E5-89C4-14D1FA6B815A}"
EndProject
Project("{9A19103F-16F7-4668-BE54-9A1E7A4F7556}") = "Nanis.Shared", "Nanis.Shared\Nanis.Shared.csproj", "{38D2D7B0-79C9-4DEC-83DE-17D5FDBA3A70}"
EndProject
Project("{9A19103F-16F7-4668-BE54-9A1E7A4F7556}") = "Test.QueryableExtension", "Test.QueryableExtension\Test.QueryableExtension.csproj", "{912BF999-AC80-4032-BCFE-D311680BF222}"
EndProject
Project("{9A19103F-16F7-4668-BE54-9A1E7A4F7556}") = "Test.Repository", "Test.Repository\Test.Repository.csproj", "{288480B3-8B8E-4201-8517-0EA79AE25E48}"
EndProject
Global
	GlobalSection(SolutionConfigurationPlatforms) = preSolution
		Debug|Any CPU = Debug|Any CPU
		Release|Any CPU = Release|Any CPU
	EndGlobalSection
	GlobalSection(ProjectConfigurationPlatforms) = postSolution
		{707ED758-E405-4BE9-8257-66023BD0C837}.Debug|Any CPU.ActiveCfg = Debug|Any CPU
		{707ED758-E405-4BE9-8257-66023BD0C837}.Debug|Any CPU.Build.0 = Debug|Any CPU
		{707ED758-E405-4BE9-8257-66023BD0C837}.Release|Any CPU.ActiveCfg = Release|Any CPU
		{707ED758-E405-4BE9-8257-66023BD0C837}.Release|Any CPU.Build.0 = Release|Any CPU
		{38D2D7B0-79C9-4DEC-83DE-17D5FDBA3A70}.Debug|Any CPU.ActiveCfg = Debug|Any CPU
		{38D2D7B0-79C9-4DEC-83DE-17D5FDBA3A70}.Debug|Any CPU.Build.0 = Debug|Any CPU
		{38D2D7B0-79C9-4DEC-83DE-17D5FDBA3A70}.Release|Any CPU.ActiveCfg = Release|Any CPU
		{38D2D7B0-79C9-4DEC-83DE-17D5FDBA3A70}.Release|Any CPU.Build.0 = Release|Any CPU
		{912BF999-AC80-4032-BCFE-D311680BF222}.Debug|Any CPU.ActiveCfg = Debug|Any CPU
		{912BF999-AC80-4032-BCFE-D311680BF222}.Debug|Any CPU.Build.0 = Debug|Any CPU
		{912BF999-AC80-4032-BCFE-D311680BF222}.Release|Any CPU.ActiveCfg = Release|Any CPU
		{912BF999-AC80-4032-BCFE-D311680BF222}.Release|Any CPU.Build.0 = Release|Any CPU
		{288480B3-8B8E-4201-8517-0EA79AE25E48}.Debug|Any CPU.ActiveCfg = Debug|Any CPU
		{288480B3-8B8E-4201-8517-0EA79AE25E48}.Debug|Any CPU.Build.0 = Debug|Any CPU
		{288480B3-8B8E-4201-8517-0EA79AE25E48}.Release|Any CPU.ActiveCfg = Release|Any CPU
		{288480B3-8B8E-4201-8517-0EA79AE25E48}.Release|Any CPU.Build.0 = Release|Any CPU
	EndGlobalSection
	GlobalSection(SolutionProperties) = preSolution
		HideSolutionNode = FALSE
	EndGlobalSection
	GlobalSection(NestedProjects) = preSolution
		{92A3EBF3-0295-4E0D-8CAC-11964F016958} = {B18E88AD-FABC-4595-8F0E-F3D375EE52AF}
		{42D8CCC0-D623-42A8-A577-FAFE53B36B81} = {B18E88AD-FABC-4595-8F0E-F3D375EE52AF}
		{B204A66A-292C-4ECC-AD01-C6A422DBA345} = {B18E88AD-FABC-4595-8F0E-F3D375EE52AF}
		{707ED758-E405-4BE9-8257-66023BD0C837} = {92A3EBF3-0295-4E0D-8CAC-11964F016958}
		{B3707AB3-D5E6-48E5-89C4-14D1FA6B815A} = {B18E88AD-FABC-4595-8F0E-F3D375EE52AF}
		{38D2D7B0-79C9-4DEC-83DE-17D5FDBA3A70} = {B3707AB3-D5E6-48E5-89C4-14D1FA6B815A}
		{912BF999-AC80-4032-BCFE-D311680BF222} = {42D8CCC0-D623-42A8-A577-FAFE53B36B81}
		{288480B3-8B8E-4201-8517-0EA79AE25E48} = {B204A66A-292C-4ECC-AD01-C6A422DBA345}
	EndGlobalSection
	GlobalSection(ExtensibilityGlobals) = postSolution
		SolutionGuid = {F91E6319-EEB9-43DE-A481-95A6DE7C3A73}
	EndGlobalSection
EndGlobal
